// !$*UTF8*$!
{
	archiveVersion = 1;
	classes = {
	};
	objectVersion = 51;
	objects = {

/* Begin PBXBuildFile section */
		15FB05A222CB61D900C52AFC /* ndvi_float.tif in Resources */ = {isa = PBXBuildFile; fileRef = 15FB059F22CB61D900C52AFC /* ndvi_float.tif */; };
		15FB05A422CB61D900C52AFC /* ndvi_int.tif in Resources */ = {isa = PBXBuildFile; fileRef = 15FB05A022CB61D900C52AFC /* ndvi_int.tif */; };
		15FB05A622CB61D900C52AFC /* visual.tif in Resources */ = {isa = PBXBuildFile; fileRef = 15FB05A122CB61D900C52AFC /* visual.tif */; };
		15FBD13022BB945100C52AFC /* AppDelegate.swift in Sources */ = {isa = PBXBuildFile; fileRef = 15FBD12F22BB945100C52AFC /* AppDelegate.swift */; };
		15FBD13222BB945100C52AFC /* ViewController.swift in Sources */ = {isa = PBXBuildFile; fileRef = 15FBD13122BB945100C52AFC /* ViewController.swift */; };
		15FBD13522BB945100C52AFC /* Main.storyboard in Resources */ = {isa = PBXBuildFile; fileRef = 15FBD13322BB945100C52AFC /* Main.storyboard */; };
		15FBD13722BB945300C52AFC /* Assets.xcassets in Resources */ = {isa = PBXBuildFile; fileRef = 15FBD13622BB945300C52AFC /* Assets.xcassets */; };
		15FBD13A22BB945300C52AFC /* LaunchScreen.storyboard in Resources */ = {isa = PBXBuildFile; fileRef = 15FBD13822BB945300C52AFC /* LaunchScreen.storyboard */; };
		F1DCCB519C867E602F7A3563 /* Pods_Demo.framework in Frameworks */ = {isa = PBXBuildFile; fileRef = 679B0AFFAD626F882F597243 /* Pods_Demo.framework */; };
/* End PBXBuildFile section */

/* Begin PBXFileReference section */
		15FB059F22CB61D900C52AFC /* ndvi_float.tif */ = {isa = PBXFileReference; lastKnownFileType = image.tiff; path = ndvi_float.tif; sourceTree = "<group>"; };
		15FB05A022CB61D900C52AFC /* ndvi_int.tif */ = {isa = PBXFileReference; lastKnownFileType = image.tiff; path = ndvi_int.tif; sourceTree = "<group>"; };
		15FB05A122CB61D900C52AFC /* visual.tif */ = {isa = PBXFileReference; lastKnownFileType = image.tiff; path = visual.tif; sourceTree = "<group>"; };
		15FBD12C22BB945100C52AFC /* Demo.app */ = {isa = PBXFileReference; explicitFileType = wrapper.application; includeInIndex = 0; path = Demo.app; sourceTree = BUILT_PRODUCTS_DIR; };
		15FBD12F22BB945100C52AFC /* AppDelegate.swift */ = {isa = PBXFileReference; lastKnownFileType = sourcecode.swift; path = AppDelegate.swift; sourceTree = "<group>"; };
		15FBD13122BB945100C52AFC /* ViewController.swift */ = {isa = PBXFileReference; lastKnownFileType = sourcecode.swift; path = ViewController.swift; sourceTree = "<group>"; };
		15FBD13422BB945100C52AFC /* Base */ = {isa = PBXFileReference; lastKnownFileType = file.storyboard; name = Base; path = Base.lproj/Main.storyboard; sourceTree = "<group>"; };
		15FBD13622BB945300C52AFC /* Assets.xcassets */ = {isa = PBXFileReference; lastKnownFileType = folder.assetcatalog; path = Assets.xcassets; sourceTree = "<group>"; };
		15FBD13922BB945300C52AFC /* Base */ = {isa = PBXFileReference; lastKnownFileType = file.storyboard; name = Base; path = Base.lproj/LaunchScreen.storyboard; sourceTree = "<group>"; };
		15FBD13B22BB945300C52AFC /* Info.plist */ = {isa = PBXFileReference; lastKnownFileType = text.plist.xml; path = Info.plist; sourceTree = "<group>"; };
		334BAB72FFE1A62F40EB09A4 /* Pods-Demo.debug.xcconfig */ = {isa = PBXFileReference; includeInIndex = 1; lastKnownFileType = text.xcconfig; name = "Pods-Demo.debug.xcconfig"; path = "Target Support Files/Pods-Demo/Pods-Demo.debug.xcconfig"; sourceTree = "<group>"; };
		679B0AFFAD626F882F597243 /* Pods_Demo.framework */ = {isa = PBXFileReference; explicitFileType = wrapper.framework; includeInIndex = 0; path = Pods_Demo.framework; sourceTree = BUILT_PRODUCTS_DIR; };
		B072A7EA1297978587C985DD /* Pods-DemoTests.debug.xcconfig */ = {isa = PBXFileReference; includeInIndex = 1; lastKnownFileType = text.xcconfig; name = "Pods-DemoTests.debug.xcconfig"; path = "Target Support Files/Pods-DemoTests/Pods-DemoTests.debug.xcconfig"; sourceTree = "<group>"; };
		C007BCE37044E7FE0F541C79 /* Pods-DemoTests.release.xcconfig */ = {isa = PBXFileReference; includeInIndex = 1; lastKnownFileType = text.xcconfig; name = "Pods-DemoTests.release.xcconfig"; path = "Target Support Files/Pods-DemoTests/Pods-DemoTests.release.xcconfig"; sourceTree = "<group>"; };
		C26C258C03F0986C245FA96E /* Pods_DemoTests.framework */ = {isa = PBXFileReference; explicitFileType = wrapper.framework; includeInIndex = 0; path = Pods_DemoTests.framework; sourceTree = BUILT_PRODUCTS_DIR; };
		E6E8D378376283F9D50E0B93 /* Pods-Demo.release.xcconfig */ = {isa = PBXFileReference; includeInIndex = 1; lastKnownFileType = text.xcconfig; name = "Pods-Demo.release.xcconfig"; path = "Target Support Files/Pods-Demo/Pods-Demo.release.xcconfig"; sourceTree = "<group>"; };
/* End PBXFileReference section */

/* Begin PBXFrameworksBuildPhase section */
		15FBD12922BB945100C52AFC /* Frameworks */ = {
			isa = PBXFrameworksBuildPhase;
			buildActionMask = 2147483647;
			files = (
				F1DCCB519C867E602F7A3563 /* Pods_Demo.framework in Frameworks */,
			);
			runOnlyForDeploymentPostprocessing = 0;
		};
/* End PBXFrameworksBuildPhase section */

/* Begin PBXGroup section */
		15FB059E22CB61D900C52AFC /* Resources */ = {
			isa = PBXGroup;
			children = (
				15FB059F22CB61D900C52AFC /* ndvi_float.tif */,
				15FB05A022CB61D900C52AFC /* ndvi_int.tif */,
				15FB05A122CB61D900C52AFC /* visual.tif */,
			);
			name = Resources;
			path = ../../Resources;
			sourceTree = "<group>";
		};
		15FBD12322BB945100C52AFC = {
			isa = PBXGroup;
			children = (
				15FBD12E22BB945100C52AFC /* Demo */,
				15FBD12D22BB945100C52AFC /* Products */,
				553F022DADFA45656A8D2D78 /* Pods */,
				AA00870ABEB9A1E621D2CEFB /* Frameworks */,
			);
			sourceTree = "<group>";
		};
		15FBD12D22BB945100C52AFC /* Products */ = {
			isa = PBXGroup;
			children = (
				15FBD12C22BB945100C52AFC /* Demo.app */,
			);
			name = Products;
			sourceTree = "<group>";
		};
		15FBD12E22BB945100C52AFC /* Demo */ = {
			isa = PBXGroup;
			children = (
				15FB059E22CB61D900C52AFC /* Resources */,
				15FBD12F22BB945100C52AFC /* AppDelegate.swift */,
				15FBD13122BB945100C52AFC /* ViewController.swift */,
				15FBD13322BB945100C52AFC /* Main.storyboard */,
				15FBD13622BB945300C52AFC /* Assets.xcassets */,
				15FBD13822BB945300C52AFC /* LaunchScreen.storyboard */,
				15FBD13B22BB945300C52AFC /* Info.plist */,
			);
			path = Demo;
			sourceTree = "<group>";
		};
		553F022DADFA45656A8D2D78 /* Pods */ = {
			isa = PBXGroup;
			children = (
				334BAB72FFE1A62F40EB09A4 /* Pods-Demo.debug.xcconfig */,
				E6E8D378376283F9D50E0B93 /* Pods-Demo.release.xcconfig */,
				B072A7EA1297978587C985DD /* Pods-DemoTests.debug.xcconfig */,
				C007BCE37044E7FE0F541C79 /* Pods-DemoTests.release.xcconfig */,
			);
			path = Pods;
			sourceTree = "<group>";
		};
		AA00870ABEB9A1E621D2CEFB /* Frameworks */ = {
			isa = PBXGroup;
			children = (
				679B0AFFAD626F882F597243 /* Pods_Demo.framework */,
				C26C258C03F0986C245FA96E /* Pods_DemoTests.framework */,
			);
			name = Frameworks;
			sourceTree = "<group>";
		};
/* End PBXGroup section */

/* Begin PBXNativeTarget section */
		15FBD12B22BB945100C52AFC /* Demo */ = {
			isa = PBXNativeTarget;
			buildConfigurationList = 15FBD14922BB945300C52AFC /* Build configuration list for PBXNativeTarget "Demo" */;
			buildPhases = (
				DCB020129C0616C873AA0A37 /* [CP] Check Pods Manifest.lock */,
				15FBD12822BB945100C52AFC /* Sources */,
				15FBD12922BB945100C52AFC /* Frameworks */,
				15FBD12A22BB945100C52AFC /* Resources */,
				79A61594E3A73E0BE36C7759 /* [CP] Embed Pods Frameworks */,
			);
			buildRules = (
			);
			dependencies = (
			);
			name = Demo;
			productName = Demo;
			productReference = 15FBD12C22BB945100C52AFC /* Demo.app */;
			productType = "com.apple.product-type.application";
		};
/* End PBXNativeTarget section */

/* Begin PBXProject section */
		15FBD12422BB945100C52AFC /* Project object */ = {
			isa = PBXProject;
			attributes = {
				LastSwiftUpdateCheck = 1020;
				LastUpgradeCheck = 1020;
				ORGANIZATIONNAME = "Evegeny Kalashnikov";
				TargetAttributes = {
					15FBD12B22BB945100C52AFC = {
						CreatedOnToolsVersion = 10.2.1;
					};
				};
			};
			buildConfigurationList = 15FBD12722BB945100C52AFC /* Build configuration list for PBXProject "Demo" */;
			compatibilityVersion = "Xcode 9.3";
			developmentRegion = en;
			hasScannedForEncodings = 0;
			knownRegions = (
				en,
				Base,
			);
			mainGroup = 15FBD12322BB945100C52AFC;
			productRefGroup = 15FBD12D22BB945100C52AFC /* Products */;
			projectDirPath = "";
			projectRoot = "";
			targets = (
				15FBD12B22BB945100C52AFC /* Demo */,
			);
		};
/* End PBXProject section */

/* Begin PBXResourcesBuildPhase section */
		15FBD12A22BB945100C52AFC /* Resources */ = {
			isa = PBXResourcesBuildPhase;
			buildActionMask = 2147483647;
			files = (
				15FB05A422CB61D900C52AFC /* ndvi_int.tif in Resources */,
				15FBD13A22BB945300C52AFC /* LaunchScreen.storyboard in Resources */,
				15FB05A222CB61D900C52AFC /* ndvi_float.tif in Resources */,
				15FB05A622CB61D900C52AFC /* visual.tif in Resources */,
				15FBD13722BB945300C52AFC /* Assets.xcassets in Resources */,
				15FBD13522BB945100C52AFC /* Main.storyboard in Resources */,
			);
			runOnlyForDeploymentPostprocessing = 0;
		};
/* End PBXResourcesBuildPhase section */

/* Begin PBXShellScriptBuildPhase section */
		79A61594E3A73E0BE36C7759 /* [CP] Embed Pods Frameworks */ = {
			isa = PBXShellScriptBuildPhase;
			buildActionMask = 2147483647;
			files = (
			);
			inputFileListPaths = (
				"${PODS_ROOT}/Target Support Files/Pods-Demo/Pods-Demo-frameworks-${CONFIGURATION}-input-files.xcfilelist",
			);
			name = "[CP] Embed Pods Frameworks";
			outputFileListPaths = (
				"${PODS_ROOT}/Target Support Files/Pods-Demo/Pods-Demo-frameworks-${CONFIGURATION}-output-files.xcfilelist",
			);
			runOnlyForDeploymentPostprocessing = 0;
			shellPath = /bin/sh;
			shellScript = "\"${PODS_ROOT}/Target Support Files/Pods-Demo/Pods-Demo-frameworks.sh\"\n";
			showEnvVarsInLog = 0;
		};
		DCB020129C0616C873AA0A37 /* [CP] Check Pods Manifest.lock */ = {
			isa = PBXShellScriptBuildPhase;
			buildActionMask = 2147483647;
			files = (
			);
			inputFileListPaths = (
			);
			inputPaths = (
				"${PODS_PODFILE_DIR_PATH}/Podfile.lock",
				"${PODS_ROOT}/Manifest.lock",
			);
			name = "[CP] Check Pods Manifest.lock";
			outputFileListPaths = (
			);
			outputPaths = (
				"$(DERIVED_FILE_DIR)/Pods-Demo-checkManifestLockResult.txt",
			);
			runOnlyForDeploymentPostprocessing = 0;
			shellPath = /bin/sh;
			shellScript = "diff \"${PODS_PODFILE_DIR_PATH}/Podfile.lock\" \"${PODS_ROOT}/Manifest.lock\" > /dev/null\nif [ $? != 0 ] ; then\n    # print error to STDERR\n    echo \"error: The sandbox is not in sync with the Podfile.lock. Run 'pod install' or update your CocoaPods installation.\" >&2\n    exit 1\nfi\n# This output is used by Xcode 'outputs' to avoid re-running this script phase.\necho \"SUCCESS\" > \"${SCRIPT_OUTPUT_FILE_0}\"\n";
			showEnvVarsInLog = 0;
		};
/* End PBXShellScriptBuildPhase section */

/* Begin PBXSourcesBuildPhase section */
		15FBD12822BB945100C52AFC /* Sources */ = {
			isa = PBXSourcesBuildPhase;
			buildActionMask = 2147483647;
			files = (
				15FBD13222BB945100C52AFC /* ViewController.swift in Sources */,
				15FBD13022BB945100C52AFC /* AppDelegate.swift in Sources */,
			);
			runOnlyForDeploymentPostprocessing = 0;
		};
/* End PBXSourcesBuildPhase section */

/* Begin PBXVariantGroup section */
		15FBD13322BB945100C52AFC /* Main.storyboard */ = {
			isa = PBXVariantGroup;
			children = (
				15FBD13422BB945100C52AFC /* Base */,
			);
			name = Main.storyboard;
			sourceTree = "<group>";
		};
		15FBD13822BB945300C52AFC /* LaunchScreen.storyboard */ = {
			isa = PBXVariantGroup;
			children = (
				15FBD13922BB945300C52AFC /* Base */,
			);
			name = LaunchScreen.storyboard;
			sourceTree = "<group>";
		};
/* End PBXVariantGroup section */

/* Begin XCBuildConfiguration section */
		15FBD14722BB945300C52AFC /* Debug */ = {
			isa = XCBuildConfiguration;
			buildSettings = {
				ALWAYS_SEARCH_USER_PATHS = NO;
				CLANG_ANALYZER_NONNULL = YES;
				CLANG_ANALYZER_NUMBER_OBJECT_CONVERSION = YES_AGGRESSIVE;
				CLANG_CXX_LANGUAGE_STANDARD = "gnu++14";
				CLANG_CXX_LIBRARY = "libc++";
				CLANG_ENABLE_MODULES = YES;
				CLANG_ENABLE_OBJC_ARC = YES;
				CLANG_ENABLE_OBJC_WEAK = YES;
				CLANG_WARN_BLOCK_CAPTURE_AUTORELEASING = YES;
				CLANG_WARN_BOOL_CONVERSION = YES;
				CLANG_WARN_COMMA = YES;
				CLANG_WARN_CONSTANT_CONVERSION = YES;
				CLANG_WARN_DEPRECATED_OBJC_IMPLEMENTATIONS = YES;
				CLANG_WARN_DIRECT_OBJC_ISA_USAGE = YES_ERROR;
				CLANG_WARN_DOCUMENTATION_COMMENTS = YES;
				CLANG_WARN_EMPTY_BODY = YES;
				CLANG_WARN_ENUM_CONVERSION = YES;
				CLANG_WARN_INFINITE_RECURSION = YES;
				CLANG_WARN_INT_CONVERSION = YES;
				CLANG_WARN_NON_LITERAL_NULL_CONVERSION = YES;
				CLANG_WARN_OBJC_IMPLICIT_RETAIN_SELF = YES;
				CLANG_WARN_OBJC_LITERAL_CONVERSION = YES;
				CLANG_WARN_OBJC_ROOT_CLASS = YES_ERROR;
				CLANG_WARN_RANGE_LOOP_ANALYSIS = YES;
				CLANG_WARN_STRICT_PROTOTYPES = YES;
				CLANG_WARN_SUSPICIOUS_MOVE = YES;
				CLANG_WARN_UNGUARDED_AVAILABILITY = YES_AGGRESSIVE;
				CLANG_WARN_UNREACHABLE_CODE = YES;
				CLANG_WARN__DUPLICATE_METHOD_MATCH = YES;
				CODE_SIGN_IDENTITY = "iPhone Developer";
				COPY_PHASE_STRIP = NO;
				DEBUG_INFORMATION_FORMAT = dwarf;
				ENABLE_BITCODE = YES;
				ENABLE_STRICT_OBJC_MSGSEND = YES;
				ENABLE_TESTABILITY = YES;
				GCC_C_LANGUAGE_STANDARD = gnu11;
				GCC_DYNAMIC_NO_PIC = NO;
				GCC_NO_COMMON_BLOCKS = YES;
				GCC_OPTIMIZATION_LEVEL = 0;
				GCC_PREPROCESSOR_DEFINITIONS = (
					"DEBUG=1",
					"$(inherited)",
				);
				GCC_WARN_64_TO_32_BIT_CONVERSION = YES;
				GCC_WARN_ABOUT_RETURN_TYPE = YES_ERROR;
				GCC_WARN_UNDECLARED_SELECTOR = YES;
				GCC_WARN_UNINITIALIZED_AUTOS = YES_AGGRESSIVE;
				GCC_WARN_UNUSED_FUNCTION = YES;
				GCC_WARN_UNUSED_VARIABLE = YES;
				IPHONEOS_DEPLOYMENT_TARGET = 10.0;
				MTL_ENABLE_DEBUG_INFO = INCLUDE_SOURCE;
				MTL_FAST_MATH = YES;
				ONLY_ACTIVE_ARCH = YES;
				SDKROOT = iphoneos;
				SWIFT_ACTIVE_COMPILATION_CONDITIONS = DEBUG;
				SWIFT_OPTIMIZATION_LEVEL = "-Onone";
			};
			name = Debug;
		};
		15FBD14822BB945300C52AFC /* Release */ = {
			isa = XCBuildConfiguration;
			buildSettings = {
				ALWAYS_SEARCH_USER_PATHS = NO;
				CLANG_ANALYZER_NONNULL = YES;
				CLANG_ANALYZER_NUMBER_OBJECT_CONVERSION = YES_AGGRESSIVE;
				CLANG_CXX_LANGUAGE_STANDARD = "gnu++14";
				CLANG_CXX_LIBRARY = "libc++";
				CLANG_ENABLE_MODULES = YES;
				CLANG_ENABLE_OBJC_ARC = YES;
				CLANG_ENABLE_OBJC_WEAK = YES;
				CLANG_WARN_BLOCK_CAPTURE_AUTORELEASING = YES;
				CLANG_WARN_BOOL_CONVERSION = YES;
				CLANG_WARN_COMMA = YES;
				CLANG_WARN_CONSTANT_CONVERSION = YES;
				CLANG_WARN_DEPRECATED_OBJC_IMPLEMENTATIONS = YES;
				CLANG_WARN_DIRECT_OBJC_ISA_USAGE = YES_ERROR;
				CLANG_WARN_DOCUMENTATION_COMMENTS = YES;
				CLANG_WARN_EMPTY_BODY = YES;
				CLANG_WARN_ENUM_CONVERSION = YES;
				CLANG_WARN_INFINITE_RECURSION = YES;
				CLANG_WARN_INT_CONVERSION = YES;
				CLANG_WARN_NON_LITERAL_NULL_CONVERSION = YES;
				CLANG_WARN_OBJC_IMPLICIT_RETAIN_SELF = YES;
				CLANG_WARN_OBJC_LITERAL_CONVERSION = YES;
				CLANG_WARN_OBJC_ROOT_CLASS = YES_ERROR;
				CLANG_WARN_RANGE_LOOP_ANALYSIS = YES;
				CLANG_WARN_STRICT_PROTOTYPES = YES;
				CLANG_WARN_SUSPICIOUS_MOVE = YES;
				CLANG_WARN_UNGUARDED_AVAILABILITY = YES_AGGRESSIVE;
				CLANG_WARN_UNREACHABLE_CODE = YES;
				CLANG_WARN__DUPLICATE_METHOD_MATCH = YES;
				CODE_SIGN_IDENTITY = "iPhone Developer";
				COPY_PHASE_STRIP = NO;
				DEBUG_INFORMATION_FORMAT = "dwarf-with-dsym";
				ENABLE_BITCODE = YES;
				ENABLE_NS_ASSERTIONS = NO;
				ENABLE_STRICT_OBJC_MSGSEND = YES;
				GCC_C_LANGUAGE_STANDARD = gnu11;
				GCC_NO_COMMON_BLOCKS = YES;
				GCC_WARN_64_TO_32_BIT_CONVERSION = YES;
				GCC_WARN_ABOUT_RETURN_TYPE = YES_ERROR;
				GCC_WARN_UNDECLARED_SELECTOR = YES;
				GCC_WARN_UNINITIALIZED_AUTOS = YES_AGGRESSIVE;
				GCC_WARN_UNUSED_FUNCTION = YES;
				GCC_WARN_UNUSED_VARIABLE = YES;
				IPHONEOS_DEPLOYMENT_TARGET = 10.0;
				MTL_ENABLE_DEBUG_INFO = NO;
				MTL_FAST_MATH = YES;
				SDKROOT = iphoneos;
				SWIFT_COMPILATION_MODE = wholemodule;
				SWIFT_OPTIMIZATION_LEVEL = "-O";
				VALIDATE_PRODUCT = YES;
			};
			name = Release;
		};
		15FBD14A22BB945300C52AFC /* Debug */ = {
			isa = XCBuildConfiguration;
			baseConfigurationReference = 334BAB72FFE1A62F40EB09A4 /* Pods-Demo.debug.xcconfig */;
			buildSettings = {
				ASSETCATALOG_COMPILER_APPICON_NAME = AppIcon;
				CODE_SIGN_STYLE = Automatic;
				DEVELOPMENT_TEAM = NWLLALD799;
				ENABLE_BITCODE = NO;
				INFOPLIST_FILE = Demo/Info.plist;
				LD_RUNPATH_SEARCH_PATHS = (
					"$(inherited)",
					"@executable_path/Frameworks",
				);
				PRODUCT_BUNDLE_IDENTIFIER = "com.nst.gdal-swift";
				PRODUCT_NAME = "$(TARGET_NAME)";
				SWIFT_VERSION = 5.0;
				TARGETED_DEVICE_FAMILY = "1,2";
				VALID_ARCHS = "arm64 arm64e armv7 armv7s";
			};
			name = Debug;
		};
		15FBD14B22BB945300C52AFC /* Release */ = {
			isa = XCBuildConfiguration;
			baseConfigurationReference = E6E8D378376283F9D50E0B93 /* Pods-Demo.release.xcconfig */;
			buildSettings = {
				ASSETCATALOG_COMPILER_APPICON_NAME = AppIcon;
				CODE_SIGN_STYLE = Automatic;
				DEVELOPMENT_TEAM = NWLLALD799;
				ENABLE_BITCODE = NO;
				INFOPLIST_FILE = Demo/Info.plist;
				LD_RUNPATH_SEARCH_PATHS = (
					"$(inherited)",
					"@executable_path/Frameworks",
				);
				PRODUCT_BUNDLE_IDENTIFIER = "com.nst.gdal-swift";
				PRODUCT_NAME = "$(TARGET_NAME)";
				SWIFT_VERSION = 5.0;
				TARGETED_DEVICE_FAMILY = "1,2";
				VALID_ARCHS = "arm64 arm64e armv7 armv7s";
			};
			name = Release;
		};
/* End XCBuildConfiguration section */

/* Begin XCConfigurationList section */
		15FBD12722BB945100C52AFC /* Build configuration list for PBXProject "Demo" */ = {
			isa = XCConfigurationList;
			buildConfigurations = (
				15FBD14722BB945300C52AFC /* Debug */,
				15FBD14822BB945300C52AFC /* Release */,
			);
			defaultConfigurationIsVisible = 0;
			defaultConfigurationName = Release;
		};
		15FBD14922BB945300C52AFC /* Build configuration list for PBXNativeTarget "Demo" */ = {
			isa = XCConfigurationList;
			buildConfigurations = (
				15FBD14A22BB945300C52AFC /* Debug */,
				15FBD14B22BB945300C52AFC /* Release */,
			);
			defaultConfigurationIsVisible = 0;
			defaultConfigurationName = Release;
		};
/* End XCConfigurationList section */
	};
	rootObject = 15FBD12422BB945100C52AFC /* Project object */;
}
